<?xml version="1.0" encoding="utf-8"?>
<Project ToolsVersion="4.0" xmlns="http://schemas.microsoft.com/developer/msbuild/2003">
  <ItemGroup>
    <ClInclude Include="vissim_drivermodel_intf.h" />
    <ClInclude Include="vissim_drivermodel_base.hpp" />
    <ClInclude Include="vissim_drivermodel_logic.hpp" />
  </ItemGroup>
  <ItemGroup>
    <ClCompile Include="vissim_drivermodel_intf.cpp" />
  </ItemGroup>
  <ItemGroup>
    <None Include="vissim_drivermodel_event.hpp" />
    <None Include="cpp.hint">
      <Filter>Hint</Filter>
    </None>
  </ItemGroup>
  <ItemGroup>
    <Filter Include="Resource">
      <UniqueIdentifier>{450d3632-3bcd-46f2-b3fa-9c71868e5518}</UniqueIdentifier>
    </Filter>
    <Filter Include="Hint">
      <UniqueIdentifier>{3873a408-82fa-4db8-8ef8-36b8a691764e}</UniqueIdentifier>
    </Filter>
  </ItemGroup>
  <ItemGroup>
    <ResourceCompile Include="vissim_drivermodel.rc">
      <Filter>Resource</Filter>
    </ResourceCompile>
  </ItemGroup>
</Project>